
Microsoft Visual Studio Solution File, Format Version 12.00
# Visual Studio Version 17
VisualStudioVersion = 17.11.35312.102
MinimumVisualStudioVersion = 10.0.40219.1
Project("{2150E333-8FDC-42A3-9474-1A3956D46DE8}") = "Task0", "Task0", "{4D739CF8-02BC-4A5F-9173-FAC2A1719304}"
EndProject
Project("{9A19103F-16F7-4668-BE54-9A1E7A4F7556}") = "Tyuiu.MolchankinaAP.Sprint4.Task0.V28", "Tyuiu.MolchankinaAP.Sprint4.Task0.V28\Tyuiu.MolchankinaAP.Sprint4.Task0.V28.csproj", "{626A1CF4-5A63-47A3-8BC2-69EB99E230D6}"
EndProject
Project("{9A19103F-16F7-4668-BE54-9A1E7A4F7556}") = "Tyuiu.MolchankinaAP.Sprint4.Task0.V28.Lib", "Tyuiu.MolchankinaAP.Sprint4.Task0.V28.Lib\Tyuiu.MolchankinaAP.Sprint4.Task0.V28.Lib.csproj", "{C7BDBCCE-4D91-479F-8D50-95B650E63D52}"
EndProject
Project("{9A19103F-16F7-4668-BE54-9A1E7A4F7556}") = "Tyuiu.MolchankinaAP.Sprint4.Task0.V28.Test", "Tyuiu.MolchankinaAP.Sprint4.Task0.V28.Test\Tyuiu.MolchankinaAP.Sprint4.Task0.V28.Test.csproj", "{263D73D5-A2F1-497A-899E-F3B1B8B830A5}"
EndProject
Project("{2150E333-8FDC-42A3-9474-1A3956D46DE8}") = "Task1", "Task1", "{1CA145D1-72C3-47D0-AAA5-ED192F6FC6E4}"
EndProject
Project("{9A19103F-16F7-4668-BE54-9A1E7A4F7556}") = "Tyuiu.MolchankinaAP.Sprint4.Task1.V28", "Tyuiu.MolchankinaAP.Sprint4.Task1.V28\Tyuiu.MolchankinaAP.Sprint4.Task1.V28.csproj", "{EE3AC963-D906-43EF-BEB9-5E3CAFFCB73F}"
EndProject
Project("{9A19103F-16F7-4668-BE54-9A1E7A4F7556}") = "Tyuiu.MolchankinaAP.Sprint4.Task1.V28.Lib", "Tyuiu.MolchankinaAP.Sprint4.Task1.V28.Lib\Tyuiu.MolchankinaAP.Sprint4.Task1.V28.Lib.csproj", "{2B58DCC8-87B9-4250-BD97-85FA800B713B}"
EndProject
Project("{9A19103F-16F7-4668-BE54-9A1E7A4F7556}") = "Tyuiu.MolchankinaAP.Sprint4.Task1.V28.Test", "Tyuiu.MolchankinaAP.Sprint4.Task1.V28.Test\Tyuiu.MolchankinaAP.Sprint4.Task1.V28.Test.csproj", "{9B2B8661-733A-4B57-8F97-3A72CA2F0ED4}"
EndProject
Project("{2150E333-8FDC-42A3-9474-1A3956D46DE8}") = "Task2", "Task2", "{259BFC1C-1ABC-4444-8339-718713C3FDEB}"
EndProject
Project("{FAE04EC0-301F-11D3-BF4B-00C04F79EFBC}") = "Tyuiu.MolchankinaAP.Sprint4.Task2.V15", "Tyuiu.MolchankinaAP.Sprint4.Task2.V15\Tyuiu.MolchankinaAP.Sprint4.Task2.V15.csproj", "{AC952D59-D5F4-4EAF-B19F-0E081AC384E1}"
EndProject
Project("{FAE04EC0-301F-11D3-BF4B-00C04F79EFBC}") = "Tyuiu.MolchankinaAP.Sprint4.Task2.V15.Lib", "Tyuiu.MolchankinaAP.Sprint4.Task2.V15.Lib\Tyuiu.MolchankinaAP.Sprint4.Task2.V15.Lib.csproj", "{8E7A79F1-3213-4871-AEF6-48766C676079}"
EndProject
Project("{FAE04EC0-301F-11D3-BF4B-00C04F79EFBC}") = "Tyuiu.MolchankinaAP.Sprint4.Task2.V15.Test", "Tyuiu.MolchankinaAP.Sprint4.Task2.V15.Test\Tyuiu.MolchankinaAP.Sprint4.Task2.V15.Test.csproj", "{54999DFE-8183-4163-91ED-54B778B16913}"
EndProject
Global
	GlobalSection(SolutionConfigurationPlatforms) = preSolution
		Debug|Any CPU = Debug|Any CPU
		Release|Any CPU = Release|Any CPU
	EndGlobalSection
	GlobalSection(ProjectConfigurationPlatforms) = postSolution
		{626A1CF4-5A63-47A3-8BC2-69EB99E230D6}.Debug|Any CPU.ActiveCfg = Debug|Any CPU
		{626A1CF4-5A63-47A3-8BC2-69EB99E230D6}.Debug|Any CPU.Build.0 = Debug|Any CPU
		{626A1CF4-5A63-47A3-8BC2-69EB99E230D6}.Release|Any CPU.ActiveCfg = Release|Any CPU
		{626A1CF4-5A63-47A3-8BC2-69EB99E230D6}.Release|Any CPU.Build.0 = Release|Any CPU
		{C7BDBCCE-4D91-479F-8D50-95B650E63D52}.Debug|Any CPU.ActiveCfg = Debug|Any CPU
		{C7BDBCCE-4D91-479F-8D50-95B650E63D52}.Debug|Any CPU.Build.0 = Debug|Any CPU
		{C7BDBCCE-4D91-479F-8D50-95B650E63D52}.Release|Any CPU.ActiveCfg = Release|Any CPU
		{C7BDBCCE-4D91-479F-8D50-95B650E63D52}.Release|Any CPU.Build.0 = Release|Any CPU
		{263D73D5-A2F1-497A-899E-F3B1B8B830A5}.Debug|Any CPU.ActiveCfg = Debug|Any CPU
		{263D73D5-A2F1-497A-899E-F3B1B8B830A5}.Debug|Any CPU.Build.0 = Debug|Any CPU
		{263D73D5-A2F1-497A-899E-F3B1B8B830A5}.Release|Any CPU.ActiveCfg = Release|Any CPU
		{263D73D5-A2F1-497A-899E-F3B1B8B830A5}.Release|Any CPU.Build.0 = Release|Any CPU
		{EE3AC963-D906-43EF-BEB9-5E3CAFFCB73F}.Debug|Any CPU.ActiveCfg = Debug|Any CPU
		{EE3AC963-D906-43EF-BEB9-5E3CAFFCB73F}.Debug|Any CPU.Build.0 = Debug|Any CPU
		{EE3AC963-D906-43EF-BEB9-5E3CAFFCB73F}.Release|Any CPU.ActiveCfg = Release|Any CPU
		{EE3AC963-D906-43EF-BEB9-5E3CAFFCB73F}.Release|Any CPU.Build.0 = Release|Any CPU
		{2B58DCC8-87B9-4250-BD97-85FA800B713B}.Debug|Any CPU.ActiveCfg = Debug|Any CPU
		{2B58DCC8-87B9-4250-BD97-85FA800B713B}.Debug|Any CPU.Build.0 = Debug|Any CPU
		{2B58DCC8-87B9-4250-BD97-85FA800B713B}.Release|Any CPU.ActiveCfg = Release|Any CPU
		{2B58DCC8-87B9-4250-BD97-85FA800B713B}.Release|Any CPU.Build.0 = Release|Any CPU
		{9B2B8661-733A-4B57-8F97-3A72CA2F0ED4}.Debug|Any CPU.ActiveCfg = Debug|Any CPU
		{9B2B8661-733A-4B57-8F97-3A72CA2F0ED4}.Debug|Any CPU.Build.0 = Debug|Any CPU
		{9B2B8661-733A-4B57-8F97-3A72CA2F0ED4}.Release|Any CPU.ActiveCfg = Release|Any CPU
		{9B2B8661-733A-4B57-8F97-3A72CA2F0ED4}.Release|Any CPU.Build.0 = Release|Any CPU
		{AC952D59-D5F4-4EAF-B19F-0E081AC384E1}.Debug|Any CPU.ActiveCfg = Debug|Any CPU
		{AC952D59-D5F4-4EAF-B19F-0E081AC384E1}.Debug|Any CPU.Build.0 = Debug|Any CPU
		{AC952D59-D5F4-4EAF-B19F-0E081AC384E1}.Release|Any CPU.ActiveCfg = Release|Any CPU
		{AC952D59-D5F4-4EAF-B19F-0E081AC384E1}.Release|Any CPU.Build.0 = Release|Any CPU
		{8E7A79F1-3213-4871-AEF6-48766C676079}.Debug|Any CPU.ActiveCfg = Debug|Any CPU
		{8E7A79F1-3213-4871-AEF6-48766C676079}.Debug|Any CPU.Build.0 = Debug|Any CPU
		{8E7A79F1-3213-4871-AEF6-48766C676079}.Release|Any CPU.ActiveCfg = Release|Any CPU
		{8E7A79F1-3213-4871-AEF6-48766C676079}.Release|Any CPU.Build.0 = Release|Any CPU
		{54999DFE-8183-4163-91ED-54B778B16913}.Debug|Any CPU.ActiveCfg = Debug|Any CPU
		{54999DFE-8183-4163-91ED-54B778B16913}.Debug|Any CPU.Build.0 = Debug|Any CPU
		{54999DFE-8183-4163-91ED-54B778B16913}.Release|Any CPU.ActiveCfg = Release|Any CPU
		{54999DFE-8183-4163-91ED-54B778B16913}.Release|Any CPU.Build.0 = Release|Any CPU
	EndGlobalSection
	GlobalSection(SolutionProperties) = preSolution
		HideSolutionNode = FALSE
	EndGlobalSection
	GlobalSection(NestedProjects) = preSolution
		{626A1CF4-5A63-47A3-8BC2-69EB99E230D6} = {4D739CF8-02BC-4A5F-9173-FAC2A1719304}
		{C7BDBCCE-4D91-479F-8D50-95B650E63D52} = {4D739CF8-02BC-4A5F-9173-FAC2A1719304}
		{263D73D5-A2F1-497A-899E-F3B1B8B830A5} = {4D739CF8-02BC-4A5F-9173-FAC2A1719304}
		{EE3AC963-D906-43EF-BEB9-5E3CAFFCB73F} = {1CA145D1-72C3-47D0-AAA5-ED192F6FC6E4}
		{2B58DCC8-87B9-4250-BD97-85FA800B713B} = {1CA145D1-72C3-47D0-AAA5-ED192F6FC6E4}
		{9B2B8661-733A-4B57-8F97-3A72CA2F0ED4} = {1CA145D1-72C3-47D0-AAA5-ED192F6FC6E4}
		{AC952D59-D5F4-4EAF-B19F-0E081AC384E1} = {259BFC1C-1ABC-4444-8339-718713C3FDEB}
		{8E7A79F1-3213-4871-AEF6-48766C676079} = {259BFC1C-1ABC-4444-8339-718713C3FDEB}
		{54999DFE-8183-4163-91ED-54B778B16913} = {259BFC1C-1ABC-4444-8339-718713C3FDEB}
	EndGlobalSection
	GlobalSection(ExtensibilityGlobals) = postSolution
		SolutionGuid = {EB5B94CF-506A-42B2-B6D9-9F3087EC8132}
	EndGlobalSection
EndGlobal
